
Microsoft Visual Studio Solution File, Format Version 12.00
# Visual Studio Version 17
VisualStudioVersion = 17.1.32210.238
MinimumVisualStudioVersion = 10.0.40219.1
Project("{9A19103F-16F7-4668-BE54-9A1E7A4F7556}") = "Homeworks_OOP", "Homeworks_OOP\Homeworks_OOP.csproj", "{5B4E6554-2E5D-489F-B718-A82783BC6282}"
EndProject
Project("{FAE04EC0-301F-11D3-BF4B-00C04F79EFBC}") = "C_sharp_Kursovik_OOP", "..\Kursovik\C_sharp_Kursovik_OOP\C_sharp_Kursovik_OOP.csproj", "{032D4B92-087A-4A22-B3C6-5367B35063A4}"
EndProject
Global
	GlobalSection(SolutionConfigurationPlatforms) = preSolution
		Debug|Any CPU = Debug|Any CPU
		Release|Any CPU = Release|Any CPU
	EndGlobalSection
	GlobalSection(ProjectConfigurationPlatforms) = postSolution
		{5B4E6554-2E5D-489F-B718-A82783BC6282}.Debug|Any CPU.ActiveCfg = Debug|Any CPU
		{5B4E6554-2E5D-489F-B718-A82783BC6282}.Debug|Any CPU.Build.0 = Debug|Any CPU
		{5B4E6554-2E5D-489F-B718-A82783BC6282}.Release|Any CPU.ActiveCfg = Release|Any CPU
		{5B4E6554-2E5D-489F-B718-A82783BC6282}.Release|Any CPU.Build.0 = Release|Any CPU
		{032D4B92-087A-4A22-B3C6-5367B35063A4}.Debug|Any CPU.ActiveCfg = Debug|Any CPU
		{032D4B92-087A-4A22-B3C6-5367B35063A4}.Debug|Any CPU.Build.0 = Debug|Any CPU
		{032D4B92-087A-4A22-B3C6-5367B35063A4}.Release|Any CPU.ActiveCfg = Release|Any CPU
		{032D4B92-087A-4A22-B3C6-5367B35063A4}.Release|Any CPU.Build.0 = Release|Any CPU
	EndGlobalSection
	GlobalSection(SolutionProperties) = preSolution
		HideSolutionNode = FALSE
	EndGlobalSection
	GlobalSection(ExtensibilityGlobals) = postSolution
		SolutionGuid = {F5139D40-1B5A-473F-AC06-A4277EADE27A}
	EndGlobalSection
EndGlobal
